
Microsoft Visual Studio Solution File, Format Version 12.00
# Visual Studio Version 17
VisualStudioVersion = 17.3.32929.385
MinimumVisualStudioVersion = 10.0.40219.1
Project("{FAE04EC0-301F-11D3-BF4B-00C04F79EFBC}") = "Map", "Map\Map.csproj", "{A50F4C83-7904-430F-AF4F-03B35DFD930E}"
EndProject
Project("{FAE04EC0-301F-11D3-BF4B-00C04F79EFBC}") = "UnitTestEstructuras", "UnitTestEstructuras\UnitTestEstructuras.csproj", "{05A27879-55F9-47E0-9733-6EF5FE09E3D6}"
EndProject
Global
	GlobalSection(SolutionConfigurationPlatforms) = preSolution
		Debug|Any CPU = Debug|Any CPU
		Release|Any CPU = Release|Any CPU
	EndGlobalSection
	GlobalSection(ProjectConfigurationPlatforms) = postSolution
		{A50F4C83-7904-430F-AF4F-03B35DFD930E}.Debug|Any CPU.ActiveCfg = Debug|Any CPU
		{A50F4C83-7904-430F-AF4F-03B35DFD930E}.Debug|Any CPU.Build.0 = Debug|Any CPU
		{A50F4C83-7904-430F-AF4F-03B35DFD930E}.Release|Any CPU.ActiveCfg = Release|Any CPU
		{A50F4C83-7904-430F-AF4F-03B35DFD930E}.Release|Any CPU.Build.0 = Release|Any CPU
		{05A27879-55F9-47E0-9733-6EF5FE09E3D6}.Debug|Any CPU.ActiveCfg = Debug|Any CPU
		{05A27879-55F9-47E0-9733-6EF5FE09E3D6}.Debug|Any CPU.Build.0 = Debug|Any CPU
		{05A27879-55F9-47E0-9733-6EF5FE09E3D6}.Release|Any CPU.ActiveCfg = Release|Any CPU
		{05A27879-55F9-47E0-9733-6EF5FE09E3D6}.Release|Any CPU.Build.0 = Release|Any CPU
	EndGlobalSection
	GlobalSection(SolutionProperties) = preSolution
		HideSolutionNode = FALSE
	EndGlobalSection
	GlobalSection(ExtensibilityGlobals) = postSolution
		SolutionGuid = {C27FD06F-A93F-4E1B-8779-9425FAAAF6CF}
	EndGlobalSection
EndGlobal
